# This file is autogenerated, do not edit; changes may be undone by the next 'dep ensure'.


[[projects]]
  name = "github.com/PuerkitoBio/goquery"
  packages = ["."]
  revision = "e1271ee34c6a305e38566ecd27ae374944907ee9"
  version = "v1.1.0"

[[projects]]
  branch = "master"
  name = "github.com/andybalholm/cascadia"
  packages = ["."]
  revision = "349dd0209470eabd9514242c688c403c0926d266"

[[projects]]
  name = "github.com/codegangsta/cli"
  packages = ["."]
  revision = "0bdeddeeb0f650497d603c4ad7b20cfe685682f6"
  version = "v1.19.1"

[[projects]]
  branch = "develop"
  name = "github.com/dwarvesf/glod"
  packages = [".","chiasenhac","facebook","nhaccuatui","soundcloud","vimeo","youtube","zing"]
  revision = "1d32b574f5576090332dc86b912b200190add55e"

[[projects]]
  name = "github.com/mattn/go-runewidth"
  packages = ["."]
  revision = "9e777a8366cce605130a531d2cd6363d07ad7317"
  version = "v0.0.2"

[[projects]]
  branch = "master"
  name = "golang.org/x/net"
  packages = ["html","html/atom"]
  revision = "570fa1c91359c1869590e9cedf3b53162a51a167"

[[projects]]
  name = "gopkg.in/cheggaaa/pb.v1"
  packages = ["."]
  revision = "f6ccf2184de4dd34495277e38dc19b6e7fbe0ea2"
  version = "v1.0.15"

[solve-meta]
  analyzer-name = "dep"
  analyzer-version = 1
  inputs-digest = "5112b6ac64a522e9539f043b82bf765230c50e6f18ef3534d6db431b77bbf9b3"
  solver-name = "gps-cdcl"
  solver-version = 1
